
Microsoft Visual Studio Solution File, Format Version 12.00
# Visual Studio Version 16
VisualStudioVersion = 25.0.1706.4
MinimumVisualStudioVersion = 10.0.40219.1
Project("{FAE04EC0-301F-11D3-BF4B-00C04F79EFBC}") = "TestApplication", "TestApplication.csproj", "{5ABBBD0F-F5FB-4233-8899-1875AD949759}"
EndProject
Global
	GlobalSection(SolutionConfigurationPlatforms) = preSolution
		Debug|Any CPU = Debug|Any CPU
		Release|Any CPU = Release|Any CPU
	EndGlobalSection
	GlobalSection(ProjectConfigurationPlatforms) = postSolution
		{5ABBBD0F-F5FB-4233-8899-1875AD949759}.Debug|Any CPU.ActiveCfg = Debug|Any CPU
		{5ABBBD0F-F5FB-4233-8899-1875AD949759}.Debug|Any CPU.Build.0 = Debug|Any CPU
		{5ABBBD0F-F5FB-4233-8899-1875AD949759}.Release|Any CPU.ActiveCfg = Release|Any CPU
		{5ABBBD0F-F5FB-4233-8899-1875AD949759}.Release|Any CPU.Build.0 = Release|Any CPU
	EndGlobalSection
	GlobalSection(SolutionProperties) = preSolution
		HideSolutionNode = FALSE
	EndGlobalSection
	GlobalSection(ExtensibilityGlobals) = postSolution
		SolutionGuid = {3522CFE4-3D88-49C6-9B4A-CE4397CEBF4D}
	EndGlobalSection
EndGlobal
